
Microsoft Visual Studio Solution File, Format Version 12.00
# Visual Studio Version 17
VisualStudioVersion = 17.6.33815.320
MinimumVisualStudioVersion = 10.0.40219.1
Project("{FAE04EC0-301F-11D3-BF4B-00C04F79EFBC}") = "Lekcja7_Okienkowa_Sem1", "Lekcja7_Okienkowa_Sem1.csproj", "{6CD8530C-1958-44A1-939D-46DB68EA2921}"
EndProject
Global
	GlobalSection(SolutionConfigurationPlatforms) = preSolution
		Debug|Any CPU = Debug|Any CPU
		Release|Any CPU = Release|Any CPU
	EndGlobalSection
	GlobalSection(ProjectConfigurationPlatforms) = postSolution
		{6CD8530C-1958-44A1-939D-46DB68EA2921}.Debug|Any CPU.ActiveCfg = Debug|Any CPU
		{6CD8530C-1958-44A1-939D-46DB68EA2921}.Debug|Any CPU.Build.0 = Debug|Any CPU
		{6CD8530C-1958-44A1-939D-46DB68EA2921}.Release|Any CPU.ActiveCfg = Release|Any CPU
		{6CD8530C-1958-44A1-939D-46DB68EA2921}.Release|Any CPU.Build.0 = Release|Any CPU
	EndGlobalSection
	GlobalSection(SolutionProperties) = preSolution
		HideSolutionNode = FALSE
	EndGlobalSection
	GlobalSection(ExtensibilityGlobals) = postSolution
		SolutionGuid = {CD4B1E65-7EF8-42FD-8E7C-B07EB8C8185B}
	EndGlobalSection
EndGlobal
